
Microsoft Visual Studio Solution File, Format Version 12.00
# Visual Studio Version 17
VisualStudioVersion = 17.0.32112.339
MinimumVisualStudioVersion = 10.0.40219.1
Project("{FAE04EC0-301F-11D3-BF4B-00C04F79EFBC}") = "Service.Api.Librely", "Service.Api.Librely\Service.Api.Librely.csproj", "{29DA1BD3-EE30-4A81-A63F-844488EEE516}"
EndProject
Global
	GlobalSection(SolutionConfigurationPlatforms) = preSolution
		Debug|Any CPU = Debug|Any CPU
		Release|Any CPU = Release|Any CPU
	EndGlobalSection
	GlobalSection(ProjectConfigurationPlatforms) = postSolution
		{29DA1BD3-EE30-4A81-A63F-844488EEE516}.Debug|Any CPU.ActiveCfg = Debug|Any CPU
		{29DA1BD3-EE30-4A81-A63F-844488EEE516}.Debug|Any CPU.Build.0 = Debug|Any CPU
		{29DA1BD3-EE30-4A81-A63F-844488EEE516}.Release|Any CPU.ActiveCfg = Release|Any CPU
		{29DA1BD3-EE30-4A81-A63F-844488EEE516}.Release|Any CPU.Build.0 = Release|Any CPU
	EndGlobalSection
	GlobalSection(SolutionProperties) = preSolution
		HideSolutionNode = FALSE
	EndGlobalSection
	GlobalSection(ExtensibilityGlobals) = postSolution
		SolutionGuid = {FD7E5A5E-F9E9-41A9-B3FC-DED07C56E53B}
	EndGlobalSection
EndGlobal
